// !$*UTF8*$!
{
	archiveVersion = 1;
	classes = {
	};
	objectVersion = 56;
	objects = {

/* Begin PBXBuildFile section */
		A10000002C8F000100000000 /* AgentBrowserSession.swift in Sources */ = {isa = PBXBuildFile; fileRef = B10000002C8F000100000000 /* AgentBrowserSession.swift */; };
		A10000012C8F000100000000 /* AgentLoop.swift in Sources */ = {isa = PBXBuildFile; fileRef = B10000012C8F000100000000 /* AgentLoop.swift */; };
		A10000022C8F000100000000 /* AgentPromptBuilder.swift in Sources */ = {isa = PBXBuildFile; fileRef = B10000022C8F000100000000 /* AgentPromptBuilder.swift */; };
		A10000032C8F000100000000 /* AgentRunController.swift in Sources */ = {isa = PBXBuildFile; fileRef = B10000032C8F000100000000 /* AgentRunController.swift */; };
		A10000042C8F000100000000 /* AgentRuntimeSession.swift in Sources */ = {isa = PBXBuildFile; fileRef = B10000042C8F000100000000 /* AgentRuntimeSession.swift */; };
		A10000052C8F000100000000 /* McpHttpClient.swift in Sources */ = {isa = PBXBuildFile; fileRef = B10000052C8F000100000000 /* McpHttpClient.swift */; };
		A10000062C8F000100000000 /* AgentProviderClient.swift in Sources */ = {isa = PBXBuildFile; fileRef = B10000062C8F000100000000 /* AgentProviderClient.swift */; };
		A10000072C8F000100000000 /* AnthropicMessagesClient.swift in Sources */ = {isa = PBXBuildFile; fileRef = B10000072C8F000100000000 /* AnthropicMessagesClient.swift */; };
		A10000082C8F000100000000 /* OpenAiChatCompletionsClient.swift in Sources */ = {isa = PBXBuildFile; fileRef = B10000082C8F000100000000 /* OpenAiChatCompletionsClient.swift */; };
		A10000092C8F000100000000 /* OpenAiResponsesClient.swift in Sources */ = {isa = PBXBuildFile; fileRef = B10000092C8F000100000000 /* OpenAiResponsesClient.swift */; };
		A100000A2C8F000100000000 /* SkillManager.swift in Sources */ = {isa = PBXBuildFile; fileRef = B100000A2C8F000100000000 /* SkillManager.swift */; };
		A100000B2C8F000100000000 /* AgentToolCatalog.swift in Sources */ = {isa = PBXBuildFile; fileRef = B100000B2C8F000100000000 /* AgentToolCatalog.swift */; };
		A100000C2C8F000100000000 /* JsonSchemaValidator.swift in Sources */ = {isa = PBXBuildFile; fileRef = B100000C2C8F000100000000 /* JsonSchemaValidator.swift */; };
		A100000D2C8F000100000000 /* PilotApp.swift in Sources */ = {isa = PBXBuildFile; fileRef = B100000D2C8F000100000000 /* PilotApp.swift */; };
		A100000E2C8F000100000000 /* CharacterEntity.swift in Sources */ = {isa = PBXBuildFile; fileRef = B100000E2C8F000100000000 /* CharacterEntity.swift */; };
		A100000F2C8F000100000000 /* ConversationEntity.swift in Sources */ = {isa = PBXBuildFile; fileRef = B100000F2C8F000100000000 /* ConversationEntity.swift */; };
		A10000102C8F000100000000 /* McpServerEntity.swift in Sources */ = {isa = PBXBuildFile; fileRef = B10000102C8F000100000000 /* McpServerEntity.swift */; };
		A10000112C8F000100000000 /* MessageEntity.swift in Sources */ = {isa = PBXBuildFile; fileRef = B10000112C8F000100000000 /* MessageEntity.swift */; };
		A10000122C8F000100000000 /* ProviderEntity.swift in Sources */ = {isa = PBXBuildFile; fileRef = B10000122C8F000100000000 /* ProviderEntity.swift */; };
		A10000132C8F000100000000 /* RunEntity.swift in Sources */ = {isa = PBXBuildFile; fileRef = B10000132C8F000100000000 /* RunEntity.swift */; };
		A10000142C8F000100000000 /* SkillEntity.swift in Sources */ = {isa = PBXBuildFile; fileRef = B10000142C8F000100000000 /* SkillEntity.swift */; };
		A10000152C8F000100000000 /* AppearanceSettings.swift in Sources */ = {isa = PBXBuildFile; fileRef = B10000152C8F000100000000 /* AppearanceSettings.swift */; };
		A10000162C8F000100000000 /* CustomBody.swift in Sources */ = {isa = PBXBuildFile; fileRef = B10000162C8F000100000000 /* CustomBody.swift */; };
		A10000172C8F000100000000 /* CustomHeader.swift in Sources */ = {isa = PBXBuildFile; fileRef = B10000172C8F000100000000 /* CustomHeader.swift */; };
		A10000182C8F000100000000 /* McpServer.swift in Sources */ = {isa = PBXBuildFile; fileRef = B10000182C8F000100000000 /* McpServer.swift */; };
		A10000192C8F000100000000 /* Model.swift in Sources */ = {isa = PBXBuildFile; fileRef = B10000192C8F000100000000 /* Model.swift */; };
		A100001A2C8F000100000000 /* Provider.swift in Sources */ = {isa = PBXBuildFile; fileRef = B100001A2C8F000100000000 /* Provider.swift */; };
		A100001B2C8F000100000000 /* Reasoning.swift in Sources */ = {isa = PBXBuildFile; fileRef = B100001B2C8F000100000000 /* Reasoning.swift */; };
		A100001C2C8F000100000000 /* Settings.swift in Sources */ = {isa = PBXBuildFile; fileRef = B100001C2C8F000100000000 /* Settings.swift */; };
		A100001D2C8F000100000000 /* BuiltinProviders.swift in Sources */ = {isa = PBXBuildFile; fileRef = B100001D2C8F000100000000 /* BuiltinProviders.swift */; };
		A100001E2C8F000100000000 /* OfficialModelCatalog.swift in Sources */ = {isa = PBXBuildFile; fileRef = B100001E2C8F000100000000 /* OfficialModelCatalog.swift */; };
		A100001F2C8F000100000000 /* AgentMemoryRepository.swift in Sources */ = {isa = PBXBuildFile; fileRef = B100001F2C8F000100000000 /* AgentMemoryRepository.swift */; };
		A10000202C8F000100000000 /* CharacterRepository.swift in Sources */ = {isa = PBXBuildFile; fileRef = B10000202C8F000100000000 /* CharacterRepository.swift */; };
		A10000212C8F000100000000 /* ConversationRepository.swift in Sources */ = {isa = PBXBuildFile; fileRef = B10000212C8F000100000000 /* ConversationRepository.swift */; };
		A10000222C8F000100000000 /* EtaBackupRepository.swift in Sources */ = {isa = PBXBuildFile; fileRef = B10000222C8F000100000000 /* EtaBackupRepository.swift */; };
		A10000232C8F000100000000 /* McpServerRepository.swift in Sources */ = {isa = PBXBuildFile; fileRef = B10000232C8F000100000000 /* McpServerRepository.swift */; };
		A10000242C8F000100000000 /* ProviderRepository.swift in Sources */ = {isa = PBXBuildFile; fileRef = B10000242C8F000100000000 /* ProviderRepository.swift */; };
		A10000252C8F000100000000 /* SkillRepository.swift in Sources */ = {isa = PBXBuildFile; fileRef = B10000252C8F000100000000 /* SkillRepository.swift */; };
		A10000262C8F000100000000 /* AppShell.swift in Sources */ = {isa = PBXBuildFile; fileRef = B10000262C8F000100000000 /* AppShell.swift */; };
		A10000272C8F000100000000 /* AppearanceSettingsView.swift in Sources */ = {isa = PBXBuildFile; fileRef = B10000272C8F000100000000 /* AppearanceSettingsView.swift */; };
		A10000282C8F000100000000 /* DataBackupView.swift in Sources */ = {isa = PBXBuildFile; fileRef = B10000282C8F000100000000 /* DataBackupView.swift */; };
		A10000292C8F000100000000 /* AgentBrowserView.swift in Sources */ = {isa = PBXBuildFile; fileRef = B10000292C8F000100000000 /* AgentBrowserView.swift */; };
		A100002A2C8F000100000000 /* CharacterLibraryView.swift in Sources */ = {isa = PBXBuildFile; fileRef = B100002A2C8F000100000000 /* CharacterLibraryView.swift */; };
		A100002B2C8F000100000000 /* AgentStatusCardView.swift in Sources */ = {isa = PBXBuildFile; fileRef = B100002B2C8F000100000000 /* AgentStatusCardView.swift */; };
		A100002C2C8F000100000000 /* ChatHomeView.swift in Sources */ = {isa = PBXBuildFile; fileRef = B100002C2C8F000100000000 /* ChatHomeView.swift */; };
		A100002D2C8F000100000000 /* ChatInputBarView.swift in Sources */ = {isa = PBXBuildFile; fileRef = B100002D2C8F000100000000 /* ChatInputBarView.swift */; };
		A100002E2C8F000100000000 /* ChatMessageItemView.swift in Sources */ = {isa = PBXBuildFile; fileRef = B100002E2C8F000100000000 /* ChatMessageItemView.swift */; };
		A100002F2C8F000100000000 /* MessageListView.swift in Sources */ = {isa = PBXBuildFile; fileRef = B100002F2C8F000100000000 /* MessageListView.swift */; };
		A10000302C8F000100000000 /* ToolChipView.swift in Sources */ = {isa = PBXBuildFile; fileRef = B10000302C8F000100000000 /* ToolChipView.swift */; };
		A10000312C8F000100000000 /* ListEmptyState.swift in Sources */ = {isa = PBXBuildFile; fileRef = B10000312C8F000100000000 /* ListEmptyState.swift */; };
		A10000322C8F000100000000 /* MarkdownView.swift in Sources */ = {isa = PBXBuildFile; fileRef = B10000322C8F000100000000 /* MarkdownView.swift */; };
		A10000332C8F000100000000 /* PermissionHealthCard.swift in Sources */ = {isa = PBXBuildFile; fileRef = B10000332C8F000100000000 /* PermissionHealthCard.swift */; };
		A10000342C8F000100000000 /* SectionHeader.swift in Sources */ = {isa = PBXBuildFile; fileRef = B10000342C8F000100000000 /* SectionHeader.swift */; };
		A10000352C8F000100000000 /* McpServersView.swift in Sources */ = {isa = PBXBuildFile; fileRef = B10000352C8F000100000000 /* McpServersView.swift */; };
		A10000362C8F000100000000 /* AgentMemoryView.swift in Sources */ = {isa = PBXBuildFile; fileRef = B10000362C8F000100000000 /* AgentMemoryView.swift */; };
		A10000372C8F000100000000 /* ProviderListView.swift in Sources */ = {isa = PBXBuildFile; fileRef = B10000372C8F000100000000 /* ProviderListView.swift */; };
		A10000382C8F000100000000 /* SettingsView.swift in Sources */ = {isa = PBXBuildFile; fileRef = B10000382C8F000100000000 /* SettingsView.swift */; };
		A10000392C8F000100000000 /* AgentSkillsView.swift in Sources */ = {isa = PBXBuildFile; fileRef = B10000392C8F000100000000 /* AgentSkillsView.swift */; };
		A100003A2C8F000100000000 /* AgentToolsView.swift in Sources */ = {isa = PBXBuildFile; fileRef = B100003A2C8F000100000000 /* AgentToolsView.swift */; };
/* End PBXBuildFile section */

/* Begin PBXFileReference section */
		A00000022C8F000100000000 /* PilotAI.app */ = {isa = PBXFileReference; explicitFileType = wrapper.application; includeInIndex = 0; path = PilotAI.app; sourceTree = BUILT_PRODUCTS_DIR; };
		B10000002C8F000100000000 /* AgentBrowserSession.swift */ = {isa = PBXFileReference; lastKnownFileType = sourcecode.swift; path = "PilotAI/Agent/Browser/AgentBrowserSession.swift"; sourceTree = SOURCE_ROOT; };
		B10000012C8F000100000000 /* AgentLoop.swift */ = {isa = PBXFileReference; lastKnownFileType = sourcecode.swift; path = "PilotAI/Agent/Loop/AgentLoop.swift"; sourceTree = SOURCE_ROOT; };
		B10000022C8F000100000000 /* AgentPromptBuilder.swift */ = {isa = PBXFileReference; lastKnownFileType = sourcecode.swift; path = "PilotAI/Agent/Loop/AgentPromptBuilder.swift"; sourceTree = SOURCE_ROOT; };
		B10000032C8F000100000000 /* AgentRunController.swift */ = {isa = PBXFileReference; lastKnownFileType = sourcecode.swift; path = "PilotAI/Agent/Loop/AgentRunController.swift"; sourceTree = SOURCE_ROOT; };
		B10000042C8F000100000000 /* AgentRuntimeSession.swift */ = {isa = PBXFileReference; lastKnownFileType = sourcecode.swift; path = "PilotAI/Agent/Loop/AgentRuntimeSession.swift"; sourceTree = SOURCE_ROOT; };
		B10000052C8F000100000000 /* McpHttpClient.swift */ = {isa = PBXFileReference; lastKnownFileType = sourcecode.swift; path = "PilotAI/Agent/MCP/McpHttpClient.swift"; sourceTree = SOURCE_ROOT; };
		B10000062C8F000100000000 /* AgentProviderClient.swift */ = {isa = PBXFileReference; lastKnownFileType = sourcecode.swift; path = "PilotAI/Agent/Provider/AgentProviderClient.swift"; sourceTree = SOURCE_ROOT; };
		B10000072C8F000100000000 /* AnthropicMessagesClient.swift */ = {isa = PBXFileReference; lastKnownFileType = sourcecode.swift; path = "PilotAI/Agent/Provider/AnthropicMessagesClient.swift"; sourceTree = SOURCE_ROOT; };
		B10000082C8F000100000000 /* OpenAiChatCompletionsClient.swift */ = {isa = PBXFileReference; lastKnownFileType = sourcecode.swift; path = "PilotAI/Agent/Provider/OpenAiChatCompletionsClient.swift"; sourceTree = SOURCE_ROOT; };
		B10000092C8F000100000000 /* OpenAiResponsesClient.swift */ = {isa = PBXFileReference; lastKnownFileType = sourcecode.swift; path = "PilotAI/Agent/Provider/OpenAiResponsesClient.swift"; sourceTree = SOURCE_ROOT; };
		B100000A2C8F000100000000 /* SkillManager.swift */ = {isa = PBXFileReference; lastKnownFileType = sourcecode.swift; path = "PilotAI/Agent/Skills/SkillManager.swift"; sourceTree = SOURCE_ROOT; };
		B100000B2C8F000100000000 /* AgentToolCatalog.swift */ = {isa = PBXFileReference; lastKnownFileType = sourcecode.swift; path = "PilotAI/Agent/Tools/AgentToolCatalog.swift"; sourceTree = SOURCE_ROOT; };
		B100000C2C8F000100000000 /* JsonSchemaValidator.swift */ = {isa = PBXFileReference; lastKnownFileType = sourcecode.swift; path = "PilotAI/Agent/Tools/JsonSchemaValidator.swift"; sourceTree = SOURCE_ROOT; };
		B100000D2C8F000100000000 /* PilotApp.swift */ = {isa = PBXFileReference; lastKnownFileType = sourcecode.swift; path = "PilotAI/App/PilotApp.swift"; sourceTree = SOURCE_ROOT; };
		B100000E2C8F000100000000 /* CharacterEntity.swift */ = {isa = PBXFileReference; lastKnownFileType = sourcecode.swift; path = "PilotAI/Data/DB/CharacterEntity.swift"; sourceTree = SOURCE_ROOT; };
		B100000F2C8F000100000000 /* ConversationEntity.swift */ = {isa = PBXFileReference; lastKnownFileType = sourcecode.swift; path = "PilotAI/Data/DB/ConversationEntity.swift"; sourceTree = SOURCE_ROOT; };
		B10000102C8F000100000000 /* McpServerEntity.swift */ = {isa = PBXFileReference; lastKnownFileType = sourcecode.swift; path = "PilotAI/Data/DB/McpServerEntity.swift"; sourceTree = SOURCE_ROOT; };
		B10000112C8F000100000000 /* MessageEntity.swift */ = {isa = PBXFileReference; lastKnownFileType = sourcecode.swift; path = "PilotAI/Data/DB/MessageEntity.swift"; sourceTree = SOURCE_ROOT; };
		B10000122C8F000100000000 /* ProviderEntity.swift */ = {isa = PBXFileReference; lastKnownFileType = sourcecode.swift; path = "PilotAI/Data/DB/ProviderEntity.swift"; sourceTree = SOURCE_ROOT; };
		B10000132C8F000100000000 /* RunEntity.swift */ = {isa = PBXFileReference; lastKnownFileType = sourcecode.swift; path = "PilotAI/Data/DB/RunEntity.swift"; sourceTree = SOURCE_ROOT; };
		B10000142C8F000100000000 /* SkillEntity.swift */ = {isa = PBXFileReference; lastKnownFileType = sourcecode.swift; path = "PilotAI/Data/DB/SkillEntity.swift"; sourceTree = SOURCE_ROOT; };
		B10000152C8F000100000000 /* AppearanceSettings.swift */ = {isa = PBXFileReference; lastKnownFileType = sourcecode.swift; path = "PilotAI/Data/Models/AppearanceSettings.swift"; sourceTree = SOURCE_ROOT; };
		B10000162C8F000100000000 /* CustomBody.swift */ = {isa = PBXFileReference; lastKnownFileType = sourcecode.swift; path = "PilotAI/Data/Models/CustomBody.swift"; sourceTree = SOURCE_ROOT; };
		B10000172C8F000100000000 /* CustomHeader.swift */ = {isa = PBXFileReference; lastKnownFileType = sourcecode.swift; path = "PilotAI/Data/Models/CustomHeader.swift"; sourceTree = SOURCE_ROOT; };
		B10000182C8F000100000000 /* McpServer.swift */ = {isa = PBXFileReference; lastKnownFileType = sourcecode.swift; path = "PilotAI/Data/Models/McpServer.swift"; sourceTree = SOURCE_ROOT; };
		B10000192C8F000100000000 /* Model.swift */ = {isa = PBXFileReference; lastKnownFileType = sourcecode.swift; path = "PilotAI/Data/Models/Model.swift"; sourceTree = SOURCE_ROOT; };
		B100001A2C8F000100000000 /* Provider.swift */ = {isa = PBXFileReference; lastKnownFileType = sourcecode.swift; path = "PilotAI/Data/Models/Provider.swift"; sourceTree = SOURCE_ROOT; };
		B100001B2C8F000100000000 /* Reasoning.swift */ = {isa = PBXFileReference; lastKnownFileType = sourcecode.swift; path = "PilotAI/Data/Models/Reasoning.swift"; sourceTree = SOURCE_ROOT; };
		B100001C2C8F000100000000 /* Settings.swift */ = {isa = PBXFileReference; lastKnownFileType = sourcecode.swift; path = "PilotAI/Data/Models/Settings.swift"; sourceTree = SOURCE_ROOT; };
		B100001D2C8F000100000000 /* BuiltinProviders.swift */ = {isa = PBXFileReference; lastKnownFileType = sourcecode.swift; path = "PilotAI/Data/Providers/BuiltinProviders.swift"; sourceTree = SOURCE_ROOT; };
		B100001E2C8F000100000000 /* OfficialModelCatalog.swift */ = {isa = PBXFileReference; lastKnownFileType = sourcecode.swift; path = "PilotAI/Data/Providers/OfficialModelCatalog.swift"; sourceTree = SOURCE_ROOT; };
		B100001F2C8F000100000000 /* AgentMemoryRepository.swift */ = {isa = PBXFileReference; lastKnownFileType = sourcecode.swift; path = "PilotAI/Data/Repository/AgentMemoryRepository.swift"; sourceTree = SOURCE_ROOT; };
		B10000202C8F000100000000 /* CharacterRepository.swift */ = {isa = PBXFileReference; lastKnownFileType = sourcecode.swift; path = "PilotAI/Data/Repository/CharacterRepository.swift"; sourceTree = SOURCE_ROOT; };
		B10000212C8F000100000000 /* ConversationRepository.swift */ = {isa = PBXFileReference; lastKnownFileType = sourcecode.swift; path = "PilotAI/Data/Repository/ConversationRepository.swift"; sourceTree = SOURCE_ROOT; };
		B10000222C8F000100000000 /* EtaBackupRepository.swift */ = {isa = PBXFileReference; lastKnownFileType = sourcecode.swift; path = "PilotAI/Data/Repository/EtaBackupRepository.swift"; sourceTree = SOURCE_ROOT; };
		B10000232C8F000100000000 /* McpServerRepository.swift */ = {isa = PBXFileReference; lastKnownFileType = sourcecode.swift; path = "PilotAI/Data/Repository/McpServerRepository.swift"; sourceTree = SOURCE_ROOT; };
		B10000242C8F000100000000 /* ProviderRepository.swift */ = {isa = PBXFileReference; lastKnownFileType = sourcecode.swift; path = "PilotAI/Data/Repository/ProviderRepository.swift"; sourceTree = SOURCE_ROOT; };
		B10000252C8F000100000000 /* SkillRepository.swift */ = {isa = PBXFileReference; lastKnownFileType = sourcecode.swift; path = "PilotAI/Data/Repository/SkillRepository.swift"; sourceTree = SOURCE_ROOT; };
		B10000262C8F000100000000 /* AppShell.swift */ = {isa = PBXFileReference; lastKnownFileType = sourcecode.swift; path = "PilotAI/UI/App/AppShell.swift"; sourceTree = SOURCE_ROOT; };
		B10000272C8F000100000000 /* AppearanceSettingsView.swift */ = {isa = PBXFileReference; lastKnownFileType = sourcecode.swift; path = "PilotAI/UI/Appearance/AppearanceSettingsView.swift"; sourceTree = SOURCE_ROOT; };
		B10000282C8F000100000000 /* DataBackupView.swift */ = {isa = PBXFileReference; lastKnownFileType = sourcecode.swift; path = "PilotAI/UI/Backup/DataBackupView.swift"; sourceTree = SOURCE_ROOT; };
		B10000292C8F000100000000 /* AgentBrowserView.swift */ = {isa = PBXFileReference; lastKnownFileType = sourcecode.swift; path = "PilotAI/UI/Browser/AgentBrowserView.swift"; sourceTree = SOURCE_ROOT; };
		B100002A2C8F000100000000 /* CharacterLibraryView.swift */ = {isa = PBXFileReference; lastKnownFileType = sourcecode.swift; path = "PilotAI/UI/Characters/CharacterLibraryView.swift"; sourceTree = SOURCE_ROOT; };
		B100002B2C8F000100000000 /* AgentStatusCardView.swift */ = {isa = PBXFileReference; lastKnownFileType = sourcecode.swift; path = "PilotAI/UI/Chat/AgentStatusCardView.swift"; sourceTree = SOURCE_ROOT; };
		B100002C2C8F000100000000 /* ChatHomeView.swift */ = {isa = PBXFileReference; lastKnownFileType = sourcecode.swift; path = "PilotAI/UI/Chat/ChatHomeView.swift"; sourceTree = SOURCE_ROOT; };
		B100002D2C8F000100000000 /* ChatInputBarView.swift */ = {isa = PBXFileReference; lastKnownFileType = sourcecode.swift; path = "PilotAI/UI/Chat/ChatInputBarView.swift"; sourceTree = SOURCE_ROOT; };
		B100002E2C8F000100000000 /* ChatMessageItemView.swift */ = {isa = PBXFileReference; lastKnownFileType = sourcecode.swift; path = "PilotAI/UI/Chat/ChatMessageItemView.swift"; sourceTree = SOURCE_ROOT; };
		B100002F2C8F000100000000 /* MessageListView.swift */ = {isa = PBXFileReference; lastKnownFileType = sourcecode.swift; path = "PilotAI/UI/Chat/MessageListView.swift"; sourceTree = SOURCE_ROOT; };
		B10000302C8F000100000000 /* ToolChipView.swift */ = {isa = PBXFileReference; lastKnownFileType = sourcecode.swift; path = "PilotAI/UI/Chat/ToolChipView.swift"; sourceTree = SOURCE_ROOT; };
		B10000312C8F000100000000 /* ListEmptyState.swift */ = {isa = PBXFileReference; lastKnownFileType = sourcecode.swift; path = "PilotAI/UI/Components/ListEmptyState.swift"; sourceTree = SOURCE_ROOT; };
		B10000322C8F000100000000 /* MarkdownView.swift */ = {isa = PBXFileReference; lastKnownFileType = sourcecode.swift; path = "PilotAI/UI/Components/MarkdownView.swift"; sourceTree = SOURCE_ROOT; };
		B10000332C8F000100000000 /* PermissionHealthCard.swift */ = {isa = PBXFileReference; lastKnownFileType = sourcecode.swift; path = "PilotAI/UI/Components/PermissionHealthCard.swift"; sourceTree = SOURCE_ROOT; };
		B10000342C8F000100000000 /* SectionHeader.swift */ = {isa = PBXFileReference; lastKnownFileType = sourcecode.swift; path = "PilotAI/UI/Components/SectionHeader.swift"; sourceTree = SOURCE_ROOT; };
		B10000352C8F000100000000 /* McpServersView.swift */ = {isa = PBXFileReference; lastKnownFileType = sourcecode.swift; path = "PilotAI/UI/MCP/McpServersView.swift"; sourceTree = SOURCE_ROOT; };
		B10000362C8F000100000000 /* AgentMemoryView.swift */ = {isa = PBXFileReference; lastKnownFileType = sourcecode.swift; path = "PilotAI/UI/Memory/AgentMemoryView.swift"; sourceTree = SOURCE_ROOT; };
		B10000372C8F000100000000 /* ProviderListView.swift */ = {isa = PBXFileReference; lastKnownFileType = sourcecode.swift; path = "PilotAI/UI/Providers/ProviderListView.swift"; sourceTree = SOURCE_ROOT; };
		B10000382C8F000100000000 /* SettingsView.swift */ = {isa = PBXFileReference; lastKnownFileType = sourcecode.swift; path = "PilotAI/UI/Settings/SettingsView.swift"; sourceTree = SOURCE_ROOT; };
		B10000392C8F000100000000 /* AgentSkillsView.swift */ = {isa = PBXFileReference; lastKnownFileType = sourcecode.swift; path = "PilotAI/UI/Skills/AgentSkillsView.swift"; sourceTree = SOURCE_ROOT; };
		B100003A2C8F000100000000 /* AgentToolsView.swift */ = {isa = PBXFileReference; lastKnownFileType = sourcecode.swift; path = "PilotAI/UI/Tools/AgentToolsView.swift"; sourceTree = SOURCE_ROOT; };
/* End PBXFileReference section */

/* Begin PBXFrameworksBuildPhase section */
		A00000032C8F000100000000 /* Frameworks */ = {
			isa = PBXFrameworksBuildPhase;
			buildActionMask = 2147483647;
			files = (
			);
			runOnlyForDeploymentPostprocessing = 0;
		};
/* End PBXFrameworksBuildPhase section */

/* Begin PBXGroup section */
		A00000042C8F000100000000 = {
			isa = PBXGroup;
			children = (
				B10000002C8F000100000000 /* AgentBrowserSession.swift */,
				B10000012C8F000100000000 /* AgentLoop.swift */,
				B10000022C8F000100000000 /* AgentPromptBuilder.swift */,
				B10000032C8F000100000000 /* AgentRunController.swift */,
				B10000042C8F000100000000 /* AgentRuntimeSession.swift */,
				B10000052C8F000100000000 /* McpHttpClient.swift */,
				B10000062C8F000100000000 /* AgentProviderClient.swift */,
				B10000072C8F000100000000 /* AnthropicMessagesClient.swift */,
				B10000082C8F000100000000 /* OpenAiChatCompletionsClient.swift */,
				B10000092C8F000100000000 /* OpenAiResponsesClient.swift */,
				B100000A2C8F000100000000 /* SkillManager.swift */,
				B100000B2C8F000100000000 /* AgentToolCatalog.swift */,
				B100000C2C8F000100000000 /* JsonSchemaValidator.swift */,
				B100000D2C8F000100000000 /* PilotApp.swift */,
				B100000E2C8F000100000000 /* CharacterEntity.swift */,
				B100000F2C8F000100000000 /* ConversationEntity.swift */,
				B10000102C8F000100000000 /* McpServerEntity.swift */,
				B10000112C8F000100000000 /* MessageEntity.swift */,
				B10000122C8F000100000000 /* ProviderEntity.swift */,
				B10000132C8F000100000000 /* RunEntity.swift */,
				B10000142C8F000100000000 /* SkillEntity.swift */,
				B10000152C8F000100000000 /* AppearanceSettings.swift */,
				B10000162C8F000100000000 /* CustomBody.swift */,
				B10000172C8F000100000000 /* CustomHeader.swift */,
				B10000182C8F000100000000 /* McpServer.swift */,
				B10000192C8F000100000000 /* Model.swift */,
				B100001A2C8F000100000000 /* Provider.swift */,
				B100001B2C8F000100000000 /* Reasoning.swift */,
				B100001C2C8F000100000000 /* Settings.swift */,
				B100001D2C8F000100000000 /* BuiltinProviders.swift */,
				B100001E2C8F000100000000 /* OfficialModelCatalog.swift */,
				B100001F2C8F000100000000 /* AgentMemoryRepository.swift */,
				B10000202C8F000100000000 /* CharacterRepository.swift */,
				B10000212C8F000100000000 /* ConversationRepository.swift */,
				B10000222C8F000100000000 /* EtaBackupRepository.swift */,
				B10000232C8F000100000000 /* McpServerRepository.swift */,
				B10000242C8F000100000000 /* ProviderRepository.swift */,
				B10000252C8F000100000000 /* SkillRepository.swift */,
				B10000262C8F000100000000 /* AppShell.swift */,
				B10000272C8F000100000000 /* AppearanceSettingsView.swift */,
				B10000282C8F000100000000 /* DataBackupView.swift */,
				B10000292C8F000100000000 /* AgentBrowserView.swift */,
				B100002A2C8F000100000000 /* CharacterLibraryView.swift */,
				B100002B2C8F000100000000 /* AgentStatusCardView.swift */,
				B100002C2C8F000100000000 /* ChatHomeView.swift */,
				B100002D2C8F000100000000 /* ChatInputBarView.swift */,
				B100002E2C8F000100000000 /* ChatMessageItemView.swift */,
				B100002F2C8F000100000000 /* MessageListView.swift */,
				B10000302C8F000100000000 /* ToolChipView.swift */,
				B10000312C8F000100000000 /* ListEmptyState.swift */,
				B10000322C8F000100000000 /* MarkdownView.swift */,
				B10000332C8F000100000000 /* PermissionHealthCard.swift */,
				B10000342C8F000100000000 /* SectionHeader.swift */,
				B10000352C8F000100000000 /* McpServersView.swift */,
				B10000362C8F000100000000 /* AgentMemoryView.swift */,
				B10000372C8F000100000000 /* ProviderListView.swift */,
				B10000382C8F000100000000 /* SettingsView.swift */,
				B10000392C8F000100000000 /* AgentSkillsView.swift */,
				B100003A2C8F000100000000 /* AgentToolsView.swift */,
				A00000022C8F000100000000 /* PilotAI.app */,
			);
			sourceTree = "<group>";
		};
/* End PBXGroup section */

/* Begin PBXNativeTarget section */
		A00000052C8F000100000000 /* PilotAI */ = {
			isa = PBXNativeTarget;
			buildConfigurationList = A00000062C8F000100000000 /* Build configuration list for PBXNativeTarget "PilotAI" */;
			buildPhases = (
				A00000072C8F000100000000 /* Sources */,
				A00000032C8F000100000000 /* Frameworks */,
			);
			buildRules = (
			);
			dependencies = (
			);
			name = PilotAI;
			productName = PilotAI;
			productReference = A00000022C8F000100000000 /* PilotAI.app */;
			productType = "com.apple.product-type.application";
		};
/* End PBXNativeTarget section */

/* Begin PBXProject section */
		A00000082C8F000100000000 /* Project object */ = {
			isa = PBXProject;
			attributes = {
				BuildIndependentTargetsInParallel = 1;
				LastSwiftUpdateCheck = 1500;
				LastUpgradeCheck = 1500;
				TargetAttributes = {
					A00000052C8F000100000000 = {
						CreatedOnToolsVersion = 15.0;
					};
				};
			};
			buildConfigurationList = A00000092C8F000100000000 /* Build configuration list for PBXProject "PilotAI" */;
			compatibilityVersion = "Xcode 14.0";
			developmentRegion = en;
			hasScannedForEncodings = 0;
			knownRegions = (
				en,
				Base,
			);
			mainGroup = A00000042C8F000100000000;
			productRefGroup = A00000042C8F000100000000;
			projectDirPath = "";
			projectRoot = "";
			targets = (
				A00000052C8F000100000000 /* PilotAI */,
			);
		};
/* End PBXProject section */

/* Begin PBXSourcesBuildPhase section */
		A00000072C8F000100000000 /* Sources */ = {
			isa = PBXSourcesBuildPhase;
			buildActionMask = 2147483647;
			files = (
				A10000002C8F000100000000 /* AgentBrowserSession.swift in Sources */,
				A10000012C8F000100000000 /* AgentLoop.swift in Sources */,
				A10000022C8F000100000000 /* AgentPromptBuilder.swift in Sources */,
				A10000032C8F000100000000 /* AgentRunController.swift in Sources */,
				A10000042C8F000100000000 /* AgentRuntimeSession.swift in Sources */,
				A10000052C8F000100000000 /* McpHttpClient.swift in Sources */,
				A10000062C8F000100000000 /* AgentProviderClient.swift in Sources */,
				A10000072C8F000100000000 /* AnthropicMessagesClient.swift in Sources */,
				A10000082C8F000100000000 /* OpenAiChatCompletionsClient.swift in Sources */,
				A10000092C8F000100000000 /* OpenAiResponsesClient.swift in Sources */,
				A100000A2C8F000100000000 /* SkillManager.swift in Sources */,
				A100000B2C8F000100000000 /* AgentToolCatalog.swift in Sources */,
				A100000C2C8F000100000000 /* JsonSchemaValidator.swift in Sources */,
				A100000D2C8F000100000000 /* PilotApp.swift in Sources */,
				A100000E2C8F000100000000 /* CharacterEntity.swift in Sources */,
				A100000F2C8F000100000000 /* ConversationEntity.swift in Sources */,
				A10000102C8F000100000000 /* McpServerEntity.swift in Sources */,
				A10000112C8F000100000000 /* MessageEntity.swift in Sources */,
				A10000122C8F000100000000 /* ProviderEntity.swift in Sources */,
				A10000132C8F000100000000 /* RunEntity.swift in Sources */,
				A10000142C8F000100000000 /* SkillEntity.swift in Sources */,
				A10000152C8F000100000000 /* AppearanceSettings.swift in Sources */,
				A10000162C8F000100000000 /* CustomBody.swift in Sources */,
				A10000172C8F000100000000 /* CustomHeader.swift in Sources */,
				A10000182C8F000100000000 /* McpServer.swift in Sources */,
				A10000192C8F000100000000 /* Model.swift in Sources */,
				A100001A2C8F000100000000 /* Provider.swift in Sources */,
				A100001B2C8F000100000000 /* Reasoning.swift in Sources */,
				A100001C2C8F000100000000 /* Settings.swift in Sources */,
				A100001D2C8F000100000000 /* BuiltinProviders.swift in Sources */,
				A100001E2C8F000100000000 /* OfficialModelCatalog.swift in Sources */,
				A100001F2C8F000100000000 /* AgentMemoryRepository.swift in Sources */,
				A10000202C8F000100000000 /* CharacterRepository.swift in Sources */,
				A10000212C8F000100000000 /* ConversationRepository.swift in Sources */,
				A10000222C8F000100000000 /* EtaBackupRepository.swift in Sources */,
				A10000232C8F000100000000 /* McpServerRepository.swift in Sources */,
				A10000242C8F000100000000 /* ProviderRepository.swift in Sources */,
				A10000252C8F000100000000 /* SkillRepository.swift in Sources */,
				A10000262C8F000100000000 /* AppShell.swift in Sources */,
				A10000272C8F000100000000 /* AppearanceSettingsView.swift in Sources */,
				A10000282C8F000100000000 /* DataBackupView.swift in Sources */,
				A10000292C8F000100000000 /* AgentBrowserView.swift in Sources */,
				A100002A2C8F000100000000 /* CharacterLibraryView.swift in Sources */,
				A100002B2C8F000100000000 /* AgentStatusCardView.swift in Sources */,
				A100002C2C8F000100000000 /* ChatHomeView.swift in Sources */,
				A100002D2C8F000100000000 /* ChatInputBarView.swift in Sources */,
				A100002E2C8F000100000000 /* ChatMessageItemView.swift in Sources */,
				A100002F2C8F000100000000 /* MessageListView.swift in Sources */,
				A10000302C8F000100000000 /* ToolChipView.swift in Sources */,
				A10000312C8F000100000000 /* ListEmptyState.swift in Sources */,
				A10000322C8F000100000000 /* MarkdownView.swift in Sources */,
				A10000332C8F000100000000 /* PermissionHealthCard.swift in Sources */,
				A10000342C8F000100000000 /* SectionHeader.swift in Sources */,
				A10000352C8F000100000000 /* McpServersView.swift in Sources */,
				A10000362C8F000100000000 /* AgentMemoryView.swift in Sources */,
				A10000372C8F000100000000 /* ProviderListView.swift in Sources */,
				A10000382C8F000100000000 /* SettingsView.swift in Sources */,
				A10000392C8F000100000000 /* AgentSkillsView.swift in Sources */,
				A100003A2C8F000100000000 /* AgentToolsView.swift in Sources */,
			);
			runOnlyForDeploymentPostprocessing = 0;
		};
/* End PBXSourcesBuildPhase section */

/* Begin XCBuildConfiguration section */
		A000000A2C8F000100000000 /* Debug */ = {
			isa = XCBuildConfiguration;
			buildSettings = {
				ALWAYS_SEARCH_USER_PATHS = NO;
				CLANG_ENABLE_MODULES = YES;
				CODE_SIGNING_ALLOWED = NO;
				CODE_SIGN_IDENTITY = "";
				CODE_SIGN_STYLE = Automatic;
				CURRENT_PROJECT_VERSION = 1;
				GENERATE_INFOPLIST_FILE = YES;
				INFOPLIST_KEY_CFBundleDisplayName = "Pilot.AI";
				INFOPLIST_KEY_LSRequiresIPhoneOS = YES;
				IPHONEOS_DEPLOYMENT_TARGET = 17.0;
				MARKETING_VERSION = 3.0.4;
				PRODUCT_BUNDLE_IDENTIFIER = ai.pilot;
				PRODUCT_NAME = "$(TARGET_NAME)";
				SDKROOT = iphoneos;
				SWIFT_VERSION = 5.0;
				TARGETED_DEVICE_FAMILY = "1,2";
			};
			name = Debug;
		};
		A000000B2C8F000100000000 /* Release */ = {
			isa = XCBuildConfiguration;
			buildSettings = {
				ALWAYS_SEARCH_USER_PATHS = NO;
				CLANG_ENABLE_MODULES = YES;
				CODE_SIGNING_ALLOWED = NO;
				CODE_SIGN_IDENTITY = "";
				CODE_SIGN_STYLE = Automatic;
				CURRENT_PROJECT_VERSION = 1;
				GENERATE_INFOPLIST_FILE = YES;
				INFOPLIST_KEY_CFBundleDisplayName = "Pilot.AI";
				INFOPLIST_KEY_LSRequiresIPhoneOS = YES;
				IPHONEOS_DEPLOYMENT_TARGET = 17.0;
				MARKETING_VERSION = 3.0.4;
				PRODUCT_BUNDLE_IDENTIFIER = ai.pilot;
				PRODUCT_NAME = "$(TARGET_NAME)";
				SDKROOT = iphoneos;
				SWIFT_VERSION = 5.0;
				TARGETED_DEVICE_FAMILY = "1,2";
			};
			name = Release;
		};
		A000000C2C8F000100000000 /* Debug */ = {
			isa = XCBuildConfiguration;
			buildSettings = {
				BUILD_DIR = "$(OBJROOT)";
			};
			name = Debug;
		};
		A000000D2C8F000100000000 /* Release */ = {
			isa = XCBuildConfiguration;
			buildSettings = {
				BUILD_DIR = "$(OBJROOT)";
			};
			name = Release;
		};
/* End XCBuildConfiguration section */

/* Begin XCConfigurationList section */
		A00000062C8F000100000000 /* Build configuration list for PBXNativeTarget "PilotAI" */ = {
			isa = XCConfigurationList;
			buildConfigurations = (
				A000000A2C8F000100000000 /* Debug */,
				A000000B2C8F000100000000 /* Release */,
			);
			defaultConfigurationIsVisible = 0;
			defaultConfigurationName = Release;
		};
		A00000092C8F000100000000 /* Build configuration list for PBXProject "PilotAI" */ = {
			isa = XCConfigurationList;
			buildConfigurations = (
				A000000C2C8F000100000000 /* Debug */,
				A000000D2C8F000100000000 /* Release */,
			);
			defaultConfigurationIsVisible = 0;
			defaultConfigurationName = Release;
		};
/* End XCConfigurationList section */
	};
	rootObject = A00000082C8F000100000000 /* Project object */;
}
